// !$*UTF8*$!
{
	archiveVersion = 1;
	classes = {
	};
	objectVersion = 55;
	objects = {

/* Begin PBXBuildFile section */
		6FAEB35705B284B28665CB49 /* Pods_poc_images.framework in Frameworks */ = {isa = PBXBuildFile; fileRef = EA749CDBF5DC3F867E866B9A /* Pods_poc_images.framework */; };
		B9AC20ED28D354EB003771B2 /* AppDelegate.swift in Sources */ = {isa = PBXBuildFile; fileRef = B9AC20EC28D354EB003771B2 /* AppDelegate.swift */; };
		B9AC20EF28D354EB003771B2 /* SceneDelegate.swift in Sources */ = {isa = PBXBuildFile; fileRef = B9AC20EE28D354EB003771B2 /* SceneDelegate.swift */; };
		B9AC20F128D354EB003771B2 /* ViewController.swift in Sources */ = {isa = PBXBuildFile; fileRef = B9AC20F028D354EB003771B2 /* ViewController.swift */; };
		B9AC20F428D354EB003771B2 /* Main.storyboard in Resources */ = {isa = PBXBuildFile; fileRef = B9AC20F228D354EB003771B2 /* Main.storyboard */; };
		B9AC20F628D354EC003771B2 /* Assets.xcassets in Resources */ = {isa = PBXBuildFile; fileRef = B9AC20F528D354EC003771B2 /* Assets.xcassets */; };
		B9AC20F928D354EC003771B2 /* LaunchScreen.storyboard in Resources */ = {isa = PBXBuildFile; fileRef = B9AC20F728D354EC003771B2 /* LaunchScreen.storyboard */; };
		B9AC210128D3780C003771B2 /* ViewModel.swift in Sources */ = {isa = PBXBuildFile; fileRef = B9AC210028D3780C003771B2 /* ViewModel.swift */; };
		B9AC210328D37819003771B2 /* Repository.swift in Sources */ = {isa = PBXBuildFile; fileRef = B9AC210228D37819003771B2 /* Repository.swift */; };
/* End PBXBuildFile section */

/* Begin PBXFileReference section */
		5615529F1145719A342EFD01 /* Pods-poc-images.release.xcconfig */ = {isa = PBXFileReference; includeInIndex = 1; lastKnownFileType = text.xcconfig; name = "Pods-poc-images.release.xcconfig"; path = "Target Support Files/Pods-poc-images/Pods-poc-images.release.xcconfig"; sourceTree = "<group>"; };
		B9AC20E928D354EB003771B2 /* poc-images.app */ = {isa = PBXFileReference; explicitFileType = wrapper.application; includeInIndex = 0; path = "poc-images.app"; sourceTree = BUILT_PRODUCTS_DIR; };
		B9AC20EC28D354EB003771B2 /* AppDelegate.swift */ = {isa = PBXFileReference; lastKnownFileType = sourcecode.swift; path = AppDelegate.swift; sourceTree = "<group>"; };
		B9AC20EE28D354EB003771B2 /* SceneDelegate.swift */ = {isa = PBXFileReference; lastKnownFileType = sourcecode.swift; path = SceneDelegate.swift; sourceTree = "<group>"; };
		B9AC20F028D354EB003771B2 /* ViewController.swift */ = {isa = PBXFileReference; lastKnownFileType = sourcecode.swift; path = ViewController.swift; sourceTree = "<group>"; };
		B9AC20F328D354EB003771B2 /* Base */ = {isa = PBXFileReference; lastKnownFileType = file.storyboard; name = Base; path = Base.lproj/Main.storyboard; sourceTree = "<group>"; };
		B9AC20F528D354EC003771B2 /* Assets.xcassets */ = {isa = PBXFileReference; lastKnownFileType = folder.assetcatalog; path = Assets.xcassets; sourceTree = "<group>"; };
		B9AC20F828D354EC003771B2 /* Base */ = {isa = PBXFileReference; lastKnownFileType = file.storyboard; name = Base; path = Base.lproj/LaunchScreen.storyboard; sourceTree = "<group>"; };
		B9AC20FA28D354EC003771B2 /* Info.plist */ = {isa = PBXFileReference; lastKnownFileType = text.plist.xml; path = Info.plist; sourceTree = "<group>"; };
		B9AC210028D3780C003771B2 /* ViewModel.swift */ = {isa = PBXFileReference; lastKnownFileType = sourcecode.swift; path = ViewModel.swift; sourceTree = "<group>"; };
		B9AC210228D37819003771B2 /* Repository.swift */ = {isa = PBXFileReference; lastKnownFileType = sourcecode.swift; path = Repository.swift; sourceTree = "<group>"; };
		E8D0EBBD1281A359CED54EA2 /* Pods-poc-images.debug.xcconfig */ = {isa = PBXFileReference; includeInIndex = 1; lastKnownFileType = text.xcconfig; name = "Pods-poc-images.debug.xcconfig"; path = "Target Support Files/Pods-poc-images/Pods-poc-images.debug.xcconfig"; sourceTree = "<group>"; };
		EA749CDBF5DC3F867E866B9A /* Pods_poc_images.framework */ = {isa = PBXFileReference; explicitFileType = wrapper.framework; includeInIndex = 0; path = Pods_poc_images.framework; sourceTree = BUILT_PRODUCTS_DIR; };
/* End PBXFileReference section */

/* Begin PBXFrameworksBuildPhase section */
		B9AC20E628D354EB003771B2 /* Frameworks */ = {
			isa = PBXFrameworksBuildPhase;
			buildActionMask = 2147483647;
			files = (
				6FAEB35705B284B28665CB49 /* Pods_poc_images.framework in Frameworks */,
			);
			runOnlyForDeploymentPostprocessing = 0;
		};
/* End PBXFrameworksBuildPhase section */

/* Begin PBXGroup section */
		38B6ACDD453DD86122107574 /* Pods */ = {
			isa = PBXGroup;
			children = (
				E8D0EBBD1281A359CED54EA2 /* Pods-poc-images.debug.xcconfig */,
				5615529F1145719A342EFD01 /* Pods-poc-images.release.xcconfig */,
			);
			name = Pods;
			path = Pods;
			sourceTree = "<group>";
		};
		B9AC20E028D354EB003771B2 = {
			isa = PBXGroup;
			children = (
				B9AC20EB28D354EB003771B2 /* poc-images */,
				B9AC20EA28D354EB003771B2 /* Products */,
				38B6ACDD453DD86122107574 /* Pods */,
				F8200901E2766AF490C2093F /* Frameworks */,
			);
			sourceTree = "<group>";
		};
		B9AC20EA28D354EB003771B2 /* Products */ = {
			isa = PBXGroup;
			children = (
				B9AC20E928D354EB003771B2 /* poc-images.app */,
			);
			name = Products;
			sourceTree = "<group>";
		};
		B9AC20EB28D354EB003771B2 /* poc-images */ = {
			isa = PBXGroup;
			children = (
				B9AC20EC28D354EB003771B2 /* AppDelegate.swift */,
				B9AC20EE28D354EB003771B2 /* SceneDelegate.swift */,
				B9AC20F028D354EB003771B2 /* ViewController.swift */,
				B9AC210028D3780C003771B2 /* ViewModel.swift */,
				B9AC210228D37819003771B2 /* Repository.swift */,
				B9AC20F228D354EB003771B2 /* Main.storyboard */,
				B9AC20F528D354EC003771B2 /* Assets.xcassets */,
				B9AC20F728D354EC003771B2 /* LaunchScreen.storyboard */,
				B9AC20FA28D354EC003771B2 /* Info.plist */,
			);
			path = "poc-images";
			sourceTree = "<group>";
		};
		F8200901E2766AF490C2093F /* Frameworks */ = {
			isa = PBXGroup;
			children = (
				EA749CDBF5DC3F867E866B9A /* Pods_poc_images.framework */,
			);
			name = Frameworks;
			sourceTree = "<group>";
		};
/* End PBXGroup section */

/* Begin PBXNativeTarget section */
		B9AC20E828D354EB003771B2 /* poc-images */ = {
			isa = PBXNativeTarget;
			buildConfigurationList = B9AC20FD28D354EC003771B2 /* Build configuration list for PBXNativeTarget "poc-images" */;
			buildPhases = (
				48490DE8AAF12BE342B34CD1 /* [CP] Check Pods Manifest.lock */,
				B9AC20E528D354EB003771B2 /* Sources */,
				B9AC20E628D354EB003771B2 /* Frameworks */,
				B9AC20E728D354EB003771B2 /* Resources */,
				6E80799E1125EDA87F641CBE /* [CP] Embed Pods Frameworks */,
			);
			buildRules = (
			);
			dependencies = (
			);
			name = "poc-images";
			productName = "poc-images";
			productReference = B9AC20E928D354EB003771B2 /* poc-images.app */;
			productType = "com.apple.product-type.application";
		};
/* End PBXNativeTarget section */

/* Begin PBXProject section */
		B9AC20E128D354EB003771B2 /* Project object */ = {
			isa = PBXProject;
			attributes = {
				BuildIndependentTargetsInParallel = 1;
				LastSwiftUpdateCheck = 1340;
				LastUpgradeCheck = 1340;
				TargetAttributes = {
					B9AC20E828D354EB003771B2 = {
						CreatedOnToolsVersion = 13.4.1;
					};
				};
			};
			buildConfigurationList = B9AC20E428D354EB003771B2 /* Build configuration list for PBXProject "poc-images" */;
			compatibilityVersion = "Xcode 13.0";
			developmentRegion = en;
			hasScannedForEncodings = 0;
			knownRegions = (
				en,
				Base,
			);
			mainGroup = B9AC20E028D354EB003771B2;
			productRefGroup = B9AC20EA28D354EB003771B2 /* Products */;
			projectDirPath = "";
			projectRoot = "";
			targets = (
				B9AC20E828D354EB003771B2 /* poc-images */,
			);
		};
/* End PBXProject section */

/* Begin PBXResourcesBuildPhase section */
		B9AC20E728D354EB003771B2 /* Resources */ = {
			isa = PBXResourcesBuildPhase;
			buildActionMask = 2147483647;
			files = (
				B9AC20F928D354EC003771B2 /* LaunchScreen.storyboard in Resources */,
				B9AC20F628D354EC003771B2 /* Assets.xcassets in Resources */,
				B9AC20F428D354EB003771B2 /* Main.storyboard in Resources */,
			);
			runOnlyForDeploymentPostprocessing = 0;
		};
/* End PBXResourcesBuildPhase section */

/* Begin PBXShellScriptBuildPhase section */
		48490DE8AAF12BE342B34CD1 /* [CP] Check Pods Manifest.lock */ = {
			isa = PBXShellScriptBuildPhase;
			buildActionMask = 2147483647;
			files = (
			);
			inputFileListPaths = (
			);
			inputPaths = (
				"${PODS_PODFILE_DIR_PATH}/Podfile.lock",
				"${PODS_ROOT}/Manifest.lock",
			);
			name = "[CP] Check Pods Manifest.lock";
			outputFileListPaths = (
			);
			outputPaths = (
				"$(DERIVED_FILE_DIR)/Pods-poc-images-checkManifestLockResult.txt",
			);
			runOnlyForDeploymentPostprocessing = 0;
			shellPath = /bin/sh;
			shellScript = "diff \"${PODS_PODFILE_DIR_PATH}/Podfile.lock\" \"${PODS_ROOT}/Manifest.lock\" > /dev/null\nif [ $? != 0 ] ; then\n    # print error to STDERR\n    echo \"error: The sandbox is not in sync with the Podfile.lock. Run 'pod install' or update your CocoaPods installation.\" >&2\n    exit 1\nfi\n# This output is used by Xcode 'outputs' to avoid re-running this script phase.\necho \"SUCCESS\" > \"${SCRIPT_OUTPUT_FILE_0}\"\n";
			showEnvVarsInLog = 0;
		};
		6E80799E1125EDA87F641CBE /* [CP] Embed Pods Frameworks */ = {
			isa = PBXShellScriptBuildPhase;
			buildActionMask = 2147483647;
			files = (
			);
			inputFileListPaths = (
				"${PODS_ROOT}/Target Support Files/Pods-poc-images/Pods-poc-images-frameworks-${CONFIGURATION}-input-files.xcfilelist",
			);
			name = "[CP] Embed Pods Frameworks";
			outputFileListPaths = (
				"${PODS_ROOT}/Target Support Files/Pods-poc-images/Pods-poc-images-frameworks-${CONFIGURATION}-output-files.xcfilelist",
			);
			runOnlyForDeploymentPostprocessing = 0;
			shellPath = /bin/sh;
			shellScript = "\"${PODS_ROOT}/Target Support Files/Pods-poc-images/Pods-poc-images-frameworks.sh\"\n";
			showEnvVarsInLog = 0;
		};
/* End PBXShellScriptBuildPhase section */

/* Begin PBXSourcesBuildPhase section */
		B9AC20E528D354EB003771B2 /* Sources */ = {
			isa = PBXSourcesBuildPhase;
			buildActionMask = 2147483647;
			files = (
				B9AC20F128D354EB003771B2 /* ViewController.swift in Sources */,
				B9AC20ED28D354EB003771B2 /* AppDelegate.swift in Sources */,
				B9AC210328D37819003771B2 /* Repository.swift in Sources */,
				B9AC210128D3780C003771B2 /* ViewModel.swift in Sources */,
				B9AC20EF28D354EB003771B2 /* SceneDelegate.swift in Sources */,
			);
			runOnlyForDeploymentPostprocessing = 0;
		};
/* End PBXSourcesBuildPhase section */

/* Begin PBXVariantGroup section */
		B9AC20F228D354EB003771B2 /* Main.storyboard */ = {
			isa = PBXVariantGroup;
			children = (
				B9AC20F328D354EB003771B2 /* Base */,
			);
			name = Main.storyboard;
			sourceTree = "<group>";
		};
		B9AC20F728D354EC003771B2 /* LaunchScreen.storyboard */ = {
			isa = PBXVariantGroup;
			children = (
				B9AC20F828D354EC003771B2 /* Base */,
			);
			name = LaunchScreen.storyboard;
			sourceTree = "<group>";
		};
/* End PBXVariantGroup section */

/* Begin XCBuildConfiguration section */
		B9AC20FB28D354EC003771B2 /* Debug */ = {
			isa = XCBuildConfiguration;
			buildSettings = {
				ALWAYS_SEARCH_USER_PATHS = NO;
				CLANG_ANALYZER_NONNULL = YES;
				CLANG_ANALYZER_NUMBER_OBJECT_CONVERSION = YES_AGGRESSIVE;
				CLANG_CXX_LANGUAGE_STANDARD = "gnu++17";
				CLANG_ENABLE_MODULES = YES;
				CLANG_ENABLE_OBJC_ARC = YES;
				CLANG_ENABLE_OBJC_WEAK = YES;
				CLANG_WARN_BLOCK_CAPTURE_AUTORELEASING = YES;
				CLANG_WARN_BOOL_CONVERSION = YES;
				CLANG_WARN_COMMA = YES;
				CLANG_WARN_CONSTANT_CONVERSION = YES;
				CLANG_WARN_DEPRECATED_OBJC_IMPLEMENTATIONS = YES;
				CLANG_WARN_DIRECT_OBJC_ISA_USAGE = YES_ERROR;
				CLANG_WARN_DOCUMENTATION_COMMENTS = YES;
				CLANG_WARN_EMPTY_BODY = YES;
				CLANG_WARN_ENUM_CONVERSION = YES;
				CLANG_WARN_INFINITE_RECURSION = YES;
				CLANG_WARN_INT_CONVERSION = YES;
				CLANG_WARN_NON_LITERAL_NULL_CONVERSION = YES;
				CLANG_WARN_OBJC_IMPLICIT_RETAIN_SELF = YES;
				CLANG_WARN_OBJC_LITERAL_CONVERSION = YES;
				CLANG_WARN_OBJC_ROOT_CLASS = YES_ERROR;
				CLANG_WARN_QUOTED_INCLUDE_IN_FRAMEWORK_HEADER = YES;
				CLANG_WARN_RANGE_LOOP_ANALYSIS = YES;
				CLANG_WARN_STRICT_PROTOTYPES = YES;
				CLANG_WARN_SUSPICIOUS_MOVE = YES;
				CLANG_WARN_UNGUARDED_AVAILABILITY = YES_AGGRESSIVE;
				CLANG_WARN_UNREACHABLE_CODE = YES;
				CLANG_WARN__DUPLICATE_METHOD_MATCH = YES;
				COPY_PHASE_STRIP = NO;
				DEBUG_INFORMATION_FORMAT = dwarf;
				ENABLE_STRICT_OBJC_MSGSEND = YES;
				ENABLE_TESTABILITY = YES;
				GCC_C_LANGUAGE_STANDARD = gnu11;
				GCC_DYNAMIC_NO_PIC = NO;
				GCC_NO_COMMON_BLOCKS = YES;
				GCC_OPTIMIZATION_LEVEL = 0;
				GCC_PREPROCESSOR_DEFINITIONS = (
					"DEBUG=1",
					"$(inherited)",
				);
				GCC_WARN_64_TO_32_BIT_CONVERSION = YES;
				GCC_WARN_ABOUT_RETURN_TYPE = YES_ERROR;
				GCC_WARN_UNDECLARED_SELECTOR = YES;
				GCC_WARN_UNINITIALIZED_AUTOS = YES_AGGRESSIVE;
				GCC_WARN_UNUSED_FUNCTION = YES;
				GCC_WARN_UNUSED_VARIABLE = YES;
				IPHONEOS_DEPLOYMENT_TARGET = 15.5;
				MTL_ENABLE_DEBUG_INFO = INCLUDE_SOURCE;
				MTL_FAST_MATH = YES;
				ONLY_ACTIVE_ARCH = YES;
				SDKROOT = iphoneos;
				SWIFT_ACTIVE_COMPILATION_CONDITIONS = DEBUG;
				SWIFT_OPTIMIZATION_LEVEL = "-Onone";
			};
			name = Debug;
		};
		B9AC20FC28D354EC003771B2 /* Release */ = {
			isa = XCBuildConfiguration;
			buildSettings = {
				ALWAYS_SEARCH_USER_PATHS = NO;
				CLANG_ANALYZER_NONNULL = YES;
				CLANG_ANALYZER_NUMBER_OBJECT_CONVERSION = YES_AGGRESSIVE;
				CLANG_CXX_LANGUAGE_STANDARD = "gnu++17";
				CLANG_ENABLE_MODULES = YES;
				CLANG_ENABLE_OBJC_ARC = YES;
				CLANG_ENABLE_OBJC_WEAK = YES;
				CLANG_WARN_BLOCK_CAPTURE_AUTORELEASING = YES;
				CLANG_WARN_BOOL_CONVERSION = YES;
				CLANG_WARN_COMMA = YES;
				CLANG_WARN_CONSTANT_CONVERSION = YES;
				CLANG_WARN_DEPRECATED_OBJC_IMPLEMENTATIONS = YES;
				CLANG_WARN_DIRECT_OBJC_ISA_USAGE = YES_ERROR;
				CLANG_WARN_DOCUMENTATION_COMMENTS = YES;
				CLANG_WARN_EMPTY_BODY = YES;
				CLANG_WARN_ENUM_CONVERSION = YES;
				CLANG_WARN_INFINITE_RECURSION = YES;
				CLANG_WARN_INT_CONVERSION = YES;
				CLANG_WARN_NON_LITERAL_NULL_CONVERSION = YES;
				CLANG_WARN_OBJC_IMPLICIT_RETAIN_SELF = YES;
				CLANG_WARN_OBJC_LITERAL_CONVERSION = YES;
				CLANG_WARN_OBJC_ROOT_CLASS = YES_ERROR;
				CLANG_WARN_QUOTED_INCLUDE_IN_FRAMEWORK_HEADER = YES;
				CLANG_WARN_RANGE_LOOP_ANALYSIS = YES;
				CLANG_WARN_STRICT_PROTOTYPES = YES;
				CLANG_WARN_SUSPICIOUS_MOVE = YES;
				CLANG_WARN_UNGUARDED_AVAILABILITY = YES_AGGRESSIVE;
				CLANG_WARN_UNREACHABLE_CODE = YES;
				CLANG_WARN__DUPLICATE_METHOD_MATCH = YES;
				COPY_PHASE_STRIP = NO;
				DEBUG_INFORMATION_FORMAT = "dwarf-with-dsym";
				ENABLE_NS_ASSERTIONS = NO;
				ENABLE_STRICT_OBJC_MSGSEND = YES;
				GCC_C_LANGUAGE_STANDARD = gnu11;
				GCC_NO_COMMON_BLOCKS = YES;
				GCC_WARN_64_TO_32_BIT_CONVERSION = YES;
				GCC_WARN_ABOUT_RETURN_TYPE = YES_ERROR;
				GCC_WARN_UNDECLARED_SELECTOR = YES;
				GCC_WARN_UNINITIALIZED_AUTOS = YES_AGGRESSIVE;
				GCC_WARN_UNUSED_FUNCTION = YES;
				GCC_WARN_UNUSED_VARIABLE = YES;
				IPHONEOS_DEPLOYMENT_TARGET = 15.5;
				MTL_ENABLE_DEBUG_INFO = NO;
				MTL_FAST_MATH = YES;
				SDKROOT = iphoneos;
				SWIFT_COMPILATION_MODE = wholemodule;
				SWIFT_OPTIMIZATION_LEVEL = "-O";
				VALIDATE_PRODUCT = YES;
			};
			name = Release;
		};
		B9AC20FE28D354EC003771B2 /* Debug */ = {
			isa = XCBuildConfiguration;
			baseConfigurationReference = E8D0EBBD1281A359CED54EA2 /* Pods-poc-images.debug.xcconfig */;
			buildSettings = {
				ASSETCATALOG_COMPILER_APPICON_NAME = AppIcon;
				ASSETCATALOG_COMPILER_GLOBAL_ACCENT_COLOR_NAME = AccentColor;
				CODE_SIGN_STYLE = Automatic;
				CURRENT_PROJECT_VERSION = 1;
				DEVELOPMENT_TEAM = 3FR268SB5J;
				GENERATE_INFOPLIST_FILE = YES;
				INFOPLIST_FILE = "poc-images/Info.plist";
				INFOPLIST_KEY_UIApplicationSupportsIndirectInputEvents = YES;
				INFOPLIST_KEY_UILaunchStoryboardName = LaunchScreen;
				INFOPLIST_KEY_UIMainStoryboardFile = Main;
				INFOPLIST_KEY_UISupportedInterfaceOrientations_iPad = "UIInterfaceOrientationPortrait UIInterfaceOrientationPortraitUpsideDown UIInterfaceOrientationLandscapeLeft UIInterfaceOrientationLandscapeRight";
				INFOPLIST_KEY_UISupportedInterfaceOrientations_iPhone = "UIInterfaceOrientationPortrait UIInterfaceOrientationLandscapeLeft UIInterfaceOrientationLandscapeRight";
				LD_RUNPATH_SEARCH_PATHS = (
					"$(inherited)",
					"@executable_path/Frameworks",
				);
				MARKETING_VERSION = 1.0;
				PRODUCT_BUNDLE_IDENTIFIER = "ciandt.poc-images";
				PRODUCT_NAME = "$(TARGET_NAME)";
				SWIFT_EMIT_LOC_STRINGS = YES;
				SWIFT_VERSION = 5.0;
				TARGETED_DEVICE_FAMILY = "1,2";
			};
			name = Debug;
		};
		B9AC20FF28D354EC003771B2 /* Release */ = {
			isa = XCBuildConfiguration;
			baseConfigurationReference = 5615529F1145719A342EFD01 /* Pods-poc-images.release.xcconfig */;
			buildSettings = {
				ASSETCATALOG_COMPILER_APPICON_NAME = AppIcon;
				ASSETCATALOG_COMPILER_GLOBAL_ACCENT_COLOR_NAME = AccentColor;
				CODE_SIGN_STYLE = Automatic;
				CURRENT_PROJECT_VERSION = 1;
				DEVELOPMENT_TEAM = 3FR268SB5J;
				GENERATE_INFOPLIST_FILE = YES;
				INFOPLIST_FILE = "poc-images/Info.plist";
				INFOPLIST_KEY_UIApplicationSupportsIndirectInputEvents = YES;
				INFOPLIST_KEY_UILaunchStoryboardName = LaunchScreen;
				INFOPLIST_KEY_UIMainStoryboardFile = Main;
				INFOPLIST_KEY_UISupportedInterfaceOrientations_iPad = "UIInterfaceOrientationPortrait UIInterfaceOrientationPortraitUpsideDown UIInterfaceOrientationLandscapeLeft UIInterfaceOrientationLandscapeRight";
				INFOPLIST_KEY_UISupportedInterfaceOrientations_iPhone = "UIInterfaceOrientationPortrait UIInterfaceOrientationLandscapeLeft UIInterfaceOrientationLandscapeRight";
				LD_RUNPATH_SEARCH_PATHS = (
					"$(inherited)",
					"@executable_path/Frameworks",
				);
				MARKETING_VERSION = 1.0;
				PRODUCT_BUNDLE_IDENTIFIER = "ciandt.poc-images";
				PRODUCT_NAME = "$(TARGET_NAME)";
				SWIFT_EMIT_LOC_STRINGS = YES;
				SWIFT_VERSION = 5.0;
				TARGETED_DEVICE_FAMILY = "1,2";
			};
			name = Release;
		};
/* End XCBuildConfiguration section */

/* Begin XCConfigurationList section */
		B9AC20E428D354EB003771B2 /* Build configuration list for PBXProject "poc-images" */ = {
			isa = XCConfigurationList;
			buildConfigurations = (
				B9AC20FB28D354EC003771B2 /* Debug */,
				B9AC20FC28D354EC003771B2 /* Release */,
			);
			defaultConfigurationIsVisible = 0;
			defaultConfigurationName = Release;
		};
		B9AC20FD28D354EC003771B2 /* Build configuration list for PBXNativeTarget "poc-images" */ = {
			isa = XCConfigurationList;
			buildConfigurations = (
				B9AC20FE28D354EC003771B2 /* Debug */,
				B9AC20FF28D354EC003771B2 /* Release */,
			);
			defaultConfigurationIsVisible = 0;
			defaultConfigurationName = Release;
		};
/* End XCConfigurationList section */
	};
	rootObject = B9AC20E128D354EB003771B2 /* Project object */;
}
